{
  "version": "3",
  "remote": {
    "https://deno.land/std@0.224.0/assert/assert.ts": "09d30564c09de846855b7b071e62b5974b001bb72a4b797958fe0660e7849834",
    "https://deno.land/std@0.224.0/assert/assertion_error.ts": "ba8752bd27ebc51f723702fac2f54d3e94447598f54264a6653d6413738a8917",
    "https://deno.land/std@0.224.0/cli/parse_args.ts": "5250832fb7c544d9111e8a41ad272c016f5a53f975ef84d5a9fe5fcb70566ece",
    "https://deno.land/x/openai@v4.47.1/_shims/MultipartBody.ts": "fe06a56b54ae358c9cf99823096e34b36795fdba2e17513f0e9539210edd797d",
    "https://deno.land/x/openai@v4.47.1/_shims/mod.ts": "2e253cb26bfa7060bd37e45626e60e4bf3e7b3fb3e0f559fdfdeef94c73f9372",
    "https://deno.land/x/openai@v4.47.1/core.ts": "9dff3286285b5240ea17051ea82dff6040b90e40aa56653b483a02ed9c11766d",
    "https://deno.land/x/openai@v4.47.1/error.ts": "a8721373ee2bb58af749b537af4adf320f73b576b9f4263072e98c4a099578ad",
    "https://deno.land/x/openai@v4.47.1/lib/AbstractAssistantStreamRunner.ts": "2e7a0a6c3dc541d8eea15f0c2c6c394a4373458707103c210a4c7d1ddb04f5b7",
    "https://deno.land/x/openai@v4.47.1/lib/AbstractChatCompletionRunner.ts": "0b2442b11f59559f1e8d67b2083dd948a7e9d1b7163de968dd290255c19242ce",
    "https://deno.land/x/openai@v4.47.1/lib/AssistantStream.ts": "00257f487b45d1f0d4edf859da067c0d48e65b1b08400004a54ce572611d0cb2",
    "https://deno.land/x/openai@v4.47.1/lib/ChatCompletionRunner.ts": "0d1cc40d99cd64b7d573ab95f9cb75750f24f9829da91e12573122842985a2d0",
    "https://deno.land/x/openai@v4.47.1/lib/ChatCompletionStream.ts": "e5721b3a8c1edb8442c4ab11db947ae2437c6fc999fc2b53d3b1f4b3c27b3549",
    "https://deno.land/x/openai@v4.47.1/lib/ChatCompletionStreamingRunner.ts": "9bcaae3760dd5f9b54d5d4b2ba79b8731bb3dc79214c26e5d0bbdfe809747dd2",
    "https://deno.land/x/openai@v4.47.1/lib/RunnableFunction.ts": "f45a16776de983da6b65e5748eb2c581b6ea9d3849bda0026f24659cf0be2d2c",
    "https://deno.land/x/openai@v4.47.1/lib/Util.ts": "aa555aecdbba8b0ae2e8a982a6797cabc0942fa0d2e99ce629d243d9032941b8",
    "https://deno.land/x/openai@v4.47.1/lib/chatCompletionUtils.ts": "4991d3e698a54f8e4273eb0f1d73851f7ba549a0a32fabbcd739627677003cb9",
    "https://deno.land/x/openai@v4.47.1/lib/jsonschema.ts": "ed31a7861e19e505c43aa7612579b2739243ee8e8dd47ccb5f8908fa5ff3b5f0",
    "https://deno.land/x/openai@v4.47.1/mod.ts": "26b9d3b284e56d232f41f6c25c44d00c25a2f4998ed943b456c078d84295fc28",
    "https://deno.land/x/openai@v4.47.1/pagination.ts": "02a6737ca6c987cab6effa2788327d022b9e0edc95dd98db0be986383f484e22",
    "https://deno.land/x/openai@v4.47.1/resource.ts": "c496dbda8dc6324d25fcef3d7233310935259d6aa0baf4b0d95039e4913f6380",
    "https://deno.land/x/openai@v4.47.1/resources/audio/audio.ts": "baddf217421e2c09aa67d6977d9d98bc119edb7167ae6fd3e821778d8c702f19",
    "https://deno.land/x/openai@v4.47.1/resources/audio/speech.ts": "bc653097f1bb269c7344d8ef01251f6b8d2fa6df8fcc0856a80a46b901941cef",
    "https://deno.land/x/openai@v4.47.1/resources/audio/transcriptions.ts": "46398700125fe555415cff2bc70edb71b4969f6dda2e18af4916c6c21269120f",
    "https://deno.land/x/openai@v4.47.1/resources/audio/translations.ts": "ff91c4bd465448e1adc6206bc4824ff6b6869a82b2275976f874bcce61dca24c",
    "https://deno.land/x/openai@v4.47.1/resources/batches.ts": "8d092aa18cd6576c116b57df2ce5bad07ab7366d154179eec3769a58f65d61c0",
    "https://deno.land/x/openai@v4.47.1/resources/beta/assistants.ts": "a5957da499130073f8fd9de2786ab9d2746298aa492ad8b54fa0dcf26831eea0",
    "https://deno.land/x/openai@v4.47.1/resources/beta/beta.ts": "2e4c2ad66515f2ec5a1e3a2ccb6f29425b5a06bf2b8a600efb3e4303e61e516a",
    "https://deno.land/x/openai@v4.47.1/resources/beta/chat/chat.ts": "80dc8786a4b895e9fb152495496f44ac669e95fbb9c2f5a3c0bd379f408b1e1c",
    "https://deno.land/x/openai@v4.47.1/resources/beta/chat/completions.ts": "5e15cb9095f34d2a51e6e79a83dc5a53dc32e9ab99e607ba59732271612ffd19",
    "https://deno.land/x/openai@v4.47.1/resources/beta/threads/messages.ts": "ac01ac8731341ea9f67d7a7981719c3f836998a2931226a7cdb41cd567505231",
    "https://deno.land/x/openai@v4.47.1/resources/beta/threads/runs/runs.ts": "b31cf0394da3ecc1eec7310267b1afd8849d0be2dac22b2c3fbbf32abcdd03cf",
    "https://deno.land/x/openai@v4.47.1/resources/beta/threads/runs/steps.ts": "5779f252e93f661bdcf391ec8ba41589fec252862b072f7517a0dc858c323595",
    "https://deno.land/x/openai@v4.47.1/resources/beta/threads/threads.ts": "c998162af372efde1fe066fa31da40e6adcb054752b1a480e8147a64f2d027a3",
    "https://deno.land/x/openai@v4.47.1/resources/beta/vector-stores/file-batches.ts": "b9d53202a8ac6f831f60900fba8238d038a511f0bd5c276ac99b548e26e6753c",
    "https://deno.land/x/openai@v4.47.1/resources/beta/vector-stores/files.ts": "731c7f8b6438b321250e1688261aa370f68589cadf2fc928588c2056805ac145",
    "https://deno.land/x/openai@v4.47.1/resources/beta/vector-stores/vector-stores.ts": "84eae37119d2e0ab41cdd10e8a2432ce0a5c36b62c47442e204bc5d2344e21df",
    "https://deno.land/x/openai@v4.47.1/resources/chat/chat.ts": "35c93c4388e9727fff7dcec6f09eb82d8b9f6d246b34ec219741b26e2d1c78de",
    "https://deno.land/x/openai@v4.47.1/resources/chat/completions.ts": "90e61fd0ee10ac7bc23391a226e8dc33af4f0337d204dddcfa5bc515756fee90",
    "https://deno.land/x/openai@v4.47.1/resources/chat/mod.ts": "533faa7d352b1291cac0200a91e5c638361070285336631a76a0a26debc99d60",
    "https://deno.land/x/openai@v4.47.1/resources/completions.ts": "fc5ff206f8956e3bbc6183dd0661fc58b064d06beab11655b6162157e8896c4a",
    "https://deno.land/x/openai@v4.47.1/resources/embeddings.ts": "4009ae23c3d376826a080553feed55e32e3be959ba4543b9377aaa2537ef78d4",
    "https://deno.land/x/openai@v4.47.1/resources/files.ts": "3540f5a44213a117883bed29c0ce3a3ff51fa478eb1476eb471e5313453a1142",
    "https://deno.land/x/openai@v4.47.1/resources/fine-tuning/fine-tuning.ts": "5cb89d96fc6d914ae2d68257a4d08a1f12c140c12b7892a14393177ca9c4ca2b",
    "https://deno.land/x/openai@v4.47.1/resources/fine-tuning/jobs/checkpoints.ts": "0b225258a1e92a81c992721bf4259ec4eccd6225562cf576432e97ee838ccc67",
    "https://deno.land/x/openai@v4.47.1/resources/fine-tuning/jobs/jobs.ts": "3ba2d5902781ba139790959a7f8d81ecfcb360ed84f7d515ec3b1da47ddb2e0c",
    "https://deno.land/x/openai@v4.47.1/resources/images.ts": "412919440b470e346df93bae418506f4da5202b38bd15b415140d105cb29b19d",
    "https://deno.land/x/openai@v4.47.1/resources/mod.ts": "8f81e21bf165952f01e2ac9a6a05d1e1c3e820611f61ee62148cb878b2f92131",
    "https://deno.land/x/openai@v4.47.1/resources/models.ts": "1ed29e3f7126c2574ba5567646a66495916d52dc754c3b3c435cd9329997ab2b",
    "https://deno.land/x/openai@v4.47.1/resources/moderations.ts": "fbda1ed24bcbed6627b611c58964b706e88aac848b5efbec0cc1c45320d53236",
    "https://deno.land/x/openai@v4.47.1/resources/shared.ts": "9bebeb0cc046505283141127639d83565cb36c981d7650ef00b832f497196298",
    "https://deno.land/x/openai@v4.47.1/streaming.ts": "04f85a25d5143758473521223e58003a59cc617fa57755e5a62ba96741cb50ef",
    "https://deno.land/x/openai@v4.47.1/uploads.ts": "33857c766326193dd038ca77382f3b361ef92038a938de312f3f95aa77531a46",
    "https://deno.land/x/openai@v4.47.1/version.ts": "a0fe547151f0a3c5e18b3a2389741f8858e12350bf06b43eac30dc20c4bc71f2",
    "https://deno.land/x/openai@v4.52.7/_shims/MultipartBody.ts": "fe06a56b54ae358c9cf99823096e34b36795fdba2e17513f0e9539210edd797d",
    "https://deno.land/x/openai@v4.52.7/_shims/mod.ts": "2e253cb26bfa7060bd37e45626e60e4bf3e7b3fb3e0f559fdfdeef94c73f9372",
    "https://deno.land/x/openai@v4.52.7/core.ts": "4d78de4c114f5048120eb34c4e94286e69e9c1453cb03791296e79e0e5713bc2",
    "https://deno.land/x/openai@v4.52.7/error.ts": "a8721373ee2bb58af749b537af4adf320f73b576b9f4263072e98c4a099578ad",
    "https://deno.land/x/openai@v4.52.7/lib/AbstractAssistantStreamRunner.ts": "2e7a0a6c3dc541d8eea15f0c2c6c394a4373458707103c210a4c7d1ddb04f5b7",
    "https://deno.land/x/openai@v4.52.7/lib/AbstractChatCompletionRunner.ts": "04e896780c3ac2a82de55e17823d6fef1e49ea7632d998149986ae45d2eb0c47",
    "https://deno.land/x/openai@v4.52.7/lib/AssistantStream.ts": "00257f487b45d1f0d4edf859da067c0d48e65b1b08400004a54ce572611d0cb2",
    "https://deno.land/x/openai@v4.52.7/lib/ChatCompletionRunner.ts": "0d1cc40d99cd64b7d573ab95f9cb75750f24f9829da91e12573122842985a2d0",
    "https://deno.land/x/openai@v4.52.7/lib/ChatCompletionStream.ts": "e5721b3a8c1edb8442c4ab11db947ae2437c6fc999fc2b53d3b1f4b3c27b3549",
    "https://deno.land/x/openai@v4.52.7/lib/ChatCompletionStreamingRunner.ts": "9bcaae3760dd5f9b54d5d4b2ba79b8731bb3dc79214c26e5d0bbdfe809747dd2",
    "https://deno.land/x/openai@v4.52.7/lib/RunnableFunction.ts": "f45a16776de983da6b65e5748eb2c581b6ea9d3849bda0026f24659cf0be2d2c",
    "https://deno.land/x/openai@v4.52.7/lib/Util.ts": "aa555aecdbba8b0ae2e8a982a6797cabc0942fa0d2e99ce629d243d9032941b8",
    "https://deno.land/x/openai@v4.52.7/lib/chatCompletionUtils.ts": "4991d3e698a54f8e4273eb0f1d73851f7ba549a0a32fabbcd739627677003cb9",
    "https://deno.land/x/openai@v4.52.7/lib/jsonschema.ts": "ed31a7861e19e505c43aa7612579b2739243ee8e8dd47ccb5f8908fa5ff3b5f0",
    "https://deno.land/x/openai@v4.52.7/mod.ts": "347543dc4ece9f66ac71a13d94774426b7a7bee0f174e163507a89d2b7476afc",
    "https://deno.land/x/openai@v4.52.7/pagination.ts": "02a6737ca6c987cab6effa2788327d022b9e0edc95dd98db0be986383f484e22",
    "https://deno.land/x/openai@v4.52.7/resource.ts": "c496dbda8dc6324d25fcef3d7233310935259d6aa0baf4b0d95039e4913f6380",
    "https://deno.land/x/openai@v4.52.7/resources/audio/audio.ts": "baddf217421e2c09aa67d6977d9d98bc119edb7167ae6fd3e821778d8c702f19",
    "https://deno.land/x/openai@v4.52.7/resources/audio/speech.ts": "5a472cf379bdacc20a4f9f9af1588c948c1cf3eb27858742d7ba56493f18fd67",
    "https://deno.land/x/openai@v4.52.7/resources/audio/transcriptions.ts": "6cbdf36139d4606289ea0724155d25499f6af3531a5f2073e44d3d87718314df",
    "https://deno.land/x/openai@v4.52.7/resources/audio/translations.ts": "329dfbab7c3ae7a9244379735f113008b5cd959e791076a2f26c01bf83ef998e",
    "https://deno.land/x/openai@v4.52.7/resources/batches.ts": "c74d0c40fd748fae60107297a10a62a1a98a646ac2a1b20e9be8499bdceeda57",
    "https://deno.land/x/openai@v4.52.7/resources/beta/assistants.ts": "1dfec1128cec4b8871e6f45e653c9af4735629c6f3ab4c7a91c35b718a87c28f",
    "https://deno.land/x/openai@v4.52.7/resources/beta/beta.ts": "2e4c2ad66515f2ec5a1e3a2ccb6f29425b5a06bf2b8a600efb3e4303e61e516a",
    "https://deno.land/x/openai@v4.52.7/resources/beta/chat/chat.ts": "80dc8786a4b895e9fb152495496f44ac669e95fbb9c2f5a3c0bd379f408b1e1c",
    "https://deno.land/x/openai@v4.52.7/resources/beta/chat/completions.ts": "5e15cb9095f34d2a51e6e79a83dc5a53dc32e9ab99e607ba59732271612ffd19",
    "https://deno.land/x/openai@v4.52.7/resources/beta/threads/messages.ts": "1bc3c64b57179fa2689156379bb6407f1a699ee28bfc1755f5f6826265ac5803",
    "https://deno.land/x/openai@v4.52.7/resources/beta/threads/runs/runs.ts": "37b5a2e5941e7aa693a88828e70fa8d0734ac96e7d457927fef462ce77ac9f65",
    "https://deno.land/x/openai@v4.52.7/resources/beta/threads/runs/steps.ts": "51d85d9618f79a38d491c56e1aa8d43b943432ee8f41ae726006a4ec7fc25074",
    "https://deno.land/x/openai@v4.52.7/resources/beta/threads/threads.ts": "11d11c876877c0a7fce13e4fa0a6159e34c570ba3d52017df68d5e280aa29a55",
    "https://deno.land/x/openai@v4.52.7/resources/beta/vector-stores/file-batches.ts": "b1f53967214c8cec017b20bfa6310061608b3ef278f0fec21b53104b7fe82f91",
    "https://deno.land/x/openai@v4.52.7/resources/beta/vector-stores/files.ts": "d8f8ea175b6ec1524226eade57240e68e234c98ddff12e9c8a2f7f532cb9d89f",
    "https://deno.land/x/openai@v4.52.7/resources/beta/vector-stores/vector-stores.ts": "a3b3e0f7704fbd8ba22c76e401ca4e8375b55cdf5f14460f00f62e8004b41934",
    "https://deno.land/x/openai@v4.52.7/resources/chat/chat.ts": "35c93c4388e9727fff7dcec6f09eb82d8b9f6d246b34ec219741b26e2d1c78de",
    "https://deno.land/x/openai@v4.52.7/resources/chat/completions.ts": "270ef6c9d4b7a8681cc6e668821b4f2a7c6188ddd18b1fe18dc3b924b2037b4a",
    "https://deno.land/x/openai@v4.52.7/resources/chat/mod.ts": "533faa7d352b1291cac0200a91e5c638361070285336631a76a0a26debc99d60",
    "https://deno.land/x/openai@v4.52.7/resources/completions.ts": "c8b2569f34b26205b0d9d348e594586d3ead6571caf84920171dd5b7a057322d",
    "https://deno.land/x/openai@v4.52.7/resources/embeddings.ts": "2a28c666fe9c42bb860bdfa1b27c4aae96c548159aa7e7030a384cfbb00a7465",
    "https://deno.land/x/openai@v4.52.7/resources/files.ts": "8b733524f9c3afc5b31646749de92d81679b62a130c9715b3782aa9d30ced00c",
    "https://deno.land/x/openai@v4.52.7/resources/fine-tuning/fine-tuning.ts": "5cb89d96fc6d914ae2d68257a4d08a1f12c140c12b7892a14393177ca9c4ca2b",
    "https://deno.land/x/openai@v4.52.7/resources/fine-tuning/jobs/checkpoints.ts": "d5a62d828186fb54b50ac2aa0f82a8f9b0c66a7ece0728e79e30cf6e19251bdf",
    "https://deno.land/x/openai@v4.52.7/resources/fine-tuning/jobs/jobs.ts": "bbc91853e90d0568624c15755a32220779e086bd9917778b54dcaa104a817413",
    "https://deno.land/x/openai@v4.52.7/resources/images.ts": "21ec14b419819914398f4bc2575608a938a298b77357b0bc17cbdbfb624a2280",
    "https://deno.land/x/openai@v4.52.7/resources/mod.ts": "8f81e21bf165952f01e2ac9a6a05d1e1c3e820611f61ee62148cb878b2f92131",
    "https://deno.land/x/openai@v4.52.7/resources/models.ts": "fc8620e0d93158560be0e941bbb298870c7f85515ec2a411602fb46a1269ea93",
    "https://deno.land/x/openai@v4.52.7/resources/moderations.ts": "828dbc64a89c361299f6d169cf0d04736e22d9caf4e6f44acce58f269caf1118",
    "https://deno.land/x/openai@v4.52.7/resources/shared.ts": "3e8f4151a77d5dbe1e76ac2af061dc49463790adca54ad6e242a21c7c85114ec",
    "https://deno.land/x/openai@v4.52.7/streaming.ts": "04f85a25d5143758473521223e58003a59cc617fa57755e5a62ba96741cb50ef",
    "https://deno.land/x/openai@v4.52.7/uploads.ts": "33857c766326193dd038ca77382f3b361ef92038a938de312f3f95aa77531a46",
    "https://deno.land/x/openai@v4.52.7/version.ts": "b274b68ae9f646509fa900bea960213c0c3ca2128d26e72819426d2870bff312",
    "https://deno.land/x/openai@v4.55.1/_shims/MultipartBody.ts": "fe06a56b54ae358c9cf99823096e34b36795fdba2e17513f0e9539210edd797d",
    "https://deno.land/x/openai@v4.55.1/_shims/mod.ts": "2e253cb26bfa7060bd37e45626e60e4bf3e7b3fb3e0f559fdfdeef94c73f9372",
    "https://deno.land/x/openai@v4.55.1/_vendor/partial-json-parser/parser.ts": "546f6fe4aa8433405bf4f822069a01b64add2e1eedb3a4b977f9133678ba8a08",
    "https://deno.land/x/openai@v4.55.1/core.ts": "4d78de4c114f5048120eb34c4e94286e69e9c1453cb03791296e79e0e5713bc2",
    "https://deno.land/x/openai@v4.55.1/error.ts": "56a114051a6c9abf342bfd63748c4b819b27d27375ec5322169fcb70fadb8154",
    "https://deno.land/x/openai@v4.55.1/lib/AbstractChatCompletionRunner.ts": "2ebc15b6513f98f9002cef24406c0187125704f8c3c7a8f26f80e420f155413c",
    "https://deno.land/x/openai@v4.55.1/lib/AssistantStream.ts": "fdfa22077f6f2605a03448ce55d6874f9e809a10f901721c2d61b294b2ffe7d5",
    "https://deno.land/x/openai@v4.55.1/lib/ChatCompletionRunner.ts": "b6d6d59761591780475a90c3efc3f622c126b4e65c683f0bcfa1a2ac0e6a8463",
    "https://deno.land/x/openai@v4.55.1/lib/ChatCompletionStream.ts": "4cb95561b01aa471895d398f1461a96c7272b0efd2c010ad1d4b9620a7ae1f47",
    "https://deno.land/x/openai@v4.55.1/lib/ChatCompletionStreamingRunner.ts": "35f8658c5fb354a724f59eca13731523bf565520b5923c00d995b09e2ea9a56f",
    "https://deno.land/x/openai@v4.55.1/lib/EventStream.ts": "14836091490ea45c9d1168dd91c179dbad7757ca7c7f953049f2bce10b0cbf6e",
    "https://deno.land/x/openai@v4.55.1/lib/RunnableFunction.ts": "640a9d35f27b470a95711d841295ccc530b851dec274f9a70bcd12cb04041545",
    "https://deno.land/x/openai@v4.55.1/lib/Util.ts": "aa555aecdbba8b0ae2e8a982a6797cabc0942fa0d2e99ce629d243d9032941b8",
    "https://deno.land/x/openai@v4.55.1/lib/chatCompletionUtils.ts": "4991d3e698a54f8e4273eb0f1d73851f7ba549a0a32fabbcd739627677003cb9",
    "https://deno.land/x/openai@v4.55.1/lib/jsonschema.ts": "ed31a7861e19e505c43aa7612579b2739243ee8e8dd47ccb5f8908fa5ff3b5f0",
    "https://deno.land/x/openai@v4.55.1/lib/parser.ts": "1461923499c521d97bdb7223adc228b3e1073f52d7d7c48822423081b8cc5c0c",
    "https://deno.land/x/openai@v4.55.1/mod.ts": "0facd850aa2fd889a2e473078f1c223c4019fbd4c5080635fba8ed720b8cef49",
    "https://deno.land/x/openai@v4.55.1/pagination.ts": "02a6737ca6c987cab6effa2788327d022b9e0edc95dd98db0be986383f484e22",
    "https://deno.land/x/openai@v4.55.1/resource.ts": "c496dbda8dc6324d25fcef3d7233310935259d6aa0baf4b0d95039e4913f6380",
    "https://deno.land/x/openai@v4.55.1/resources/audio/audio.ts": "7287c7ef931d7fe73ce1ac03641225b06bdf2c2a233e8d75ea6da31daf3d91d8",
    "https://deno.land/x/openai@v4.55.1/resources/audio/speech.ts": "406fd5cb6d9799dfbad09f4c9156797114550552f63d9a1822846b4e79f1950e",
    "https://deno.land/x/openai@v4.55.1/resources/audio/transcriptions.ts": "28fb03b6747272d705c85eee41711dca9071be4564f42ece6169fd5ff6ab2e40",
    "https://deno.land/x/openai@v4.55.1/resources/audio/translations.ts": "d01b9e5e464accce100411956ec55eb66ac8e88d52e0889530bc2111d3062976",
    "https://deno.land/x/openai@v4.55.1/resources/batches.ts": "c74d0c40fd748fae60107297a10a62a1a98a646ac2a1b20e9be8499bdceeda57",
    "https://deno.land/x/openai@v4.55.1/resources/beta/assistants.ts": "f425bed1827ae1b40d474cb70d48dfdf3b3626ef72a665f937d8463b0979f18a",
    "https://deno.land/x/openai@v4.55.1/resources/beta/beta.ts": "dc863dc22ca378681dfae43c0f9869727d7a6d26c8263e4c4569c3b1edcac2f7",
    "https://deno.land/x/openai@v4.55.1/resources/beta/chat/chat.ts": "80dc8786a4b895e9fb152495496f44ac669e95fbb9c2f5a3c0bd379f408b1e1c",
    "https://deno.land/x/openai@v4.55.1/resources/beta/chat/completions.ts": "432276a8f06bf095461aa6886a3dab4958664a562eae6733e563fdae2492ce01",
    "https://deno.land/x/openai@v4.55.1/resources/beta/threads/messages.ts": "51acea64463644078110c67e280a49f630a8cefa62d7cff20c8e2e1fa10ebf0d",
    "https://deno.land/x/openai@v4.55.1/resources/beta/threads/runs/runs.ts": "73b4172c530c5aa7f378394c4b08574fdce516cf77d5871337d026d7b0ab232e",
    "https://deno.land/x/openai@v4.55.1/resources/beta/threads/runs/steps.ts": "51d85d9618f79a38d491c56e1aa8d43b943432ee8f41ae726006a4ec7fc25074",
    "https://deno.land/x/openai@v4.55.1/resources/beta/threads/threads.ts": "370e0bcd4d134b2e7129824f4e34cafbfbad4ec13c529a4564544cd3f9a71541",
    "https://deno.land/x/openai@v4.55.1/resources/beta/vector-stores/file-batches.ts": "b1f53967214c8cec017b20bfa6310061608b3ef278f0fec21b53104b7fe82f91",
    "https://deno.land/x/openai@v4.55.1/resources/beta/vector-stores/files.ts": "f24ab5e2a516ee0e87da7e635ae1ed3daeb09b380a4e470791f1572c33f55956",
    "https://deno.land/x/openai@v4.55.1/resources/beta/vector-stores/vector-stores.ts": "a3b3e0f7704fbd8ba22c76e401ca4e8375b55cdf5f14460f00f62e8004b41934",
    "https://deno.land/x/openai@v4.55.1/resources/chat/chat.ts": "4b0f4fe14a87b9869179abcf4a988c4fa5d084af0d14a2581e8dfccb07c0c79d",
    "https://deno.land/x/openai@v4.55.1/resources/chat/completions.ts": "0d7cb1145c177fc04383c645aad25cc98d17ce96ea7407d459c330bdb23bd910",
    "https://deno.land/x/openai@v4.55.1/resources/chat/mod.ts": "ac3ac00de439d0cf37f3ed2a63c30fe5406d08c07178f3c5ff9a643dd209c1d7",
    "https://deno.land/x/openai@v4.55.1/resources/completions.ts": "c8b2569f34b26205b0d9d348e594586d3ead6571caf84920171dd5b7a057322d",
    "https://deno.land/x/openai@v4.55.1/resources/embeddings.ts": "2a28c666fe9c42bb860bdfa1b27c4aae96c548159aa7e7030a384cfbb00a7465",
    "https://deno.land/x/openai@v4.55.1/resources/files.ts": "8b733524f9c3afc5b31646749de92d81679b62a130c9715b3782aa9d30ced00c",
    "https://deno.land/x/openai@v4.55.1/resources/fine-tuning/fine-tuning.ts": "5cb89d96fc6d914ae2d68257a4d08a1f12c140c12b7892a14393177ca9c4ca2b",
    "https://deno.land/x/openai@v4.55.1/resources/fine-tuning/jobs/checkpoints.ts": "d5a62d828186fb54b50ac2aa0f82a8f9b0c66a7ece0728e79e30cf6e19251bdf",
    "https://deno.land/x/openai@v4.55.1/resources/fine-tuning/jobs/jobs.ts": "c175c1cda11d86f84e7ef1e365d65433ae96b649a0b6e9674fed527f3caafcb8",
    "https://deno.land/x/openai@v4.55.1/resources/images.ts": "5774e74b1e88b7ba696272fac83a41c1558737d2640da64bcdfb11ba253b0943",
    "https://deno.land/x/openai@v4.55.1/resources/mod.ts": "70217a1f9da4c5a28f436012adc2192e2f516ef2c1267c3b48bbe493327f6159",
    "https://deno.land/x/openai@v4.55.1/resources/models.ts": "fc8620e0d93158560be0e941bbb298870c7f85515ec2a411602fb46a1269ea93",
    "https://deno.land/x/openai@v4.55.1/resources/moderations.ts": "3f1c50b69d10884b21004ce19c8905b5c9850c7194dbd167b56b01ccdde91a74",
    "https://deno.land/x/openai@v4.55.1/resources/shared.ts": "79abd8e478551d04209384197e86a7bc390a5a3de5d10b0f60aa67c9af4ad3b4",
    "https://deno.land/x/openai@v4.55.1/resources/uploads/parts.ts": "261610445bbbacdf913aec27d9084dbdd95c524b5eb74c0a3b9cb650d6135584",
    "https://deno.land/x/openai@v4.55.1/resources/uploads/uploads.ts": "db02e2c94315ad657909bcbf45e2c74c6de8c4b5afba34639ce373c437296cd9",
    "https://deno.land/x/openai@v4.55.1/streaming.ts": "04f85a25d5143758473521223e58003a59cc617fa57755e5a62ba96741cb50ef",
    "https://deno.land/x/openai@v4.55.1/uploads.ts": "33857c766326193dd038ca77382f3b361ef92038a938de312f3f95aa77531a46",
    "https://deno.land/x/openai@v4.55.1/version.ts": "10c7af2a896158197b5cf105603b6481279aab0d3db5156a65e61d93a5f75b1e",
    "https://deno.land/x/zod@v3.23.8/ZodError.ts": "528da200fbe995157b9ae91498b103c4ef482217a5c086249507ac850bd78f52",
    "https://deno.land/x/zod@v3.23.8/errors.ts": "5285922d2be9700cc0c70c95e4858952b07ae193aa0224be3cbd5cd5567eabef",
    "https://deno.land/x/zod@v3.23.8/external.ts": "a6cfbd61e9e097d5f42f8a7ed6f92f93f51ff927d29c9fbaec04f03cbce130fe",
    "https://deno.land/x/zod@v3.23.8/helpers/enumUtil.ts": "54efc393cc9860e687d8b81ff52e980def00fa67377ad0bf8b3104f8a5bf698c",
    "https://deno.land/x/zod@v3.23.8/helpers/errorUtil.ts": "7a77328240be7b847af6de9189963bd9f79cab32bbc61502a9db4fe6683e2ea7",
    "https://deno.land/x/zod@v3.23.8/helpers/parseUtil.ts": "c14814d167cc286972b6e094df88d7d982572a08424b7cd50f862036b6fcaa77",
    "https://deno.land/x/zod@v3.23.8/helpers/partialUtil.ts": "998c2fe79795257d4d1cf10361e74492f3b7d852f61057c7c08ac0a46488b7e7",
    "https://deno.land/x/zod@v3.23.8/helpers/typeAliases.ts": "0fda31a063c6736fc3cf9090dd94865c811dfff4f3cb8707b932bf937c6f2c3e",
    "https://deno.land/x/zod@v3.23.8/helpers/util.ts": "30c273131661ca5dc973f2cfb196fa23caf3a43e224cdde7a683b72e101a31fc",
    "https://deno.land/x/zod@v3.23.8/index.ts": "d27aabd973613985574bc31f39e45cb5d856aa122ef094a9f38a463b8ef1a268",
    "https://deno.land/x/zod@v3.23.8/locales/en.ts": "a7a25cd23563ccb5e0eed214d9b31846305ddbcdb9c5c8f508b108943366ab4c",
    "https://deno.land/x/zod@v3.23.8/mod.ts": "ec6e2b1255c1a350b80188f97bd0a6bac45801bb46fc48f50b9763aa66046039",
    "https://deno.land/x/zod@v3.23.8/types.ts": "1b172c90782b1eaa837100ebb6abd726d79d6c1ec336350c8e851e0fd706bf5c"
  }
}
