{
  "version": "3",
  "remote": {
    "https://deno.land/std@0.212.0/assert/assert_exists.ts": "24a7bf965e634f909242cd09fbaf38bde6b791128ece08e33ab08586a7cc55c9",
    "https://deno.land/std@0.212.0/assert/assertion_error.ts": "9f689a101ee586c4ce92f52fa7ddd362e86434ffdf1f848e45987dc7689976b8",
    "https://deno.land/std@0.212.0/cli/parse_args.ts": "cc3e9ac1684a65bada17dbfe1b53cd7c1b1ce1f009fdd1ddb1d62e53a3d9732f",
    "https://deno.land/std@0.213.0/assert/assert_exists.ts": "24a7bf965e634f909242cd09fbaf38bde6b791128ece08e33ab08586a7cc55c9",
    "https://deno.land/std@0.213.0/assert/assertion_error.ts": "9f689a101ee586c4ce92f52fa7ddd362e86434ffdf1f848e45987dc7689976b8",
    "https://deno.land/std@0.213.0/cli/parse_args.ts": "cc3e9ac1684a65bada17dbfe1b53cd7c1b1ce1f009fdd1ddb1d62e53a3d9732f",
    "https://deno.land/std@0.224.0/assert/assert.ts": "09d30564c09de846855b7b071e62b5974b001bb72a4b797958fe0660e7849834",
    "https://deno.land/std@0.224.0/assert/assertion_error.ts": "ba8752bd27ebc51f723702fac2f54d3e94447598f54264a6653d6413738a8917",
    "https://deno.land/std@0.224.0/cli/parse_args.ts": "5250832fb7c544d9111e8a41ad272c016f5a53f975ef84d5a9fe5fcb70566ece",
    "https://deno.land/x/openai@v4.24.7/_shims/MultipartBody.ts": "fe06a56b54ae358c9cf99823096e34b36795fdba2e17513f0e9539210edd797d",
    "https://deno.land/x/openai@v4.24.7/_shims/mod.ts": "2e253cb26bfa7060bd37e45626e60e4bf3e7b3fb3e0f559fdfdeef94c73f9372",
    "https://deno.land/x/openai@v4.24.7/core.ts": "c6f3a435744f1bc6b9ad739b4c4edab10589a8fc5374b8d925413c3ff90d6b6a",
    "https://deno.land/x/openai@v4.24.7/error.ts": "82962c51d5894159afc3351e31133eacad9405674ea03c8ccd5ce071b88d5ebf",
    "https://deno.land/x/openai@v4.24.7/lib/AbstractChatCompletionRunner.ts": "0b2442b11f59559f1e8d67b2083dd948a7e9d1b7163de968dd290255c19242ce",
    "https://deno.land/x/openai@v4.24.7/lib/ChatCompletionRunner.ts": "0d1cc40d99cd64b7d573ab95f9cb75750f24f9829da91e12573122842985a2d0",
    "https://deno.land/x/openai@v4.24.7/lib/ChatCompletionStream.ts": "c7a6fa2e25819ff85ef5eb2ad1c912d19615cf8550129151837bc0cc31f31e77",
    "https://deno.land/x/openai@v4.24.7/lib/ChatCompletionStreamingRunner.ts": "9bcaae3760dd5f9b54d5d4b2ba79b8731bb3dc79214c26e5d0bbdfe809747dd2",
    "https://deno.land/x/openai@v4.24.7/lib/RunnableFunction.ts": "f45a16776de983da6b65e5748eb2c581b6ea9d3849bda0026f24659cf0be2d2c",
    "https://deno.land/x/openai@v4.24.7/lib/chatCompletionUtils.ts": "4991d3e698a54f8e4273eb0f1d73851f7ba549a0a32fabbcd739627677003cb9",
    "https://deno.land/x/openai@v4.24.7/lib/jsonschema.ts": "ed31a7861e19e505c43aa7612579b2739243ee8e8dd47ccb5f8908fa5ff3b5f0",
    "https://deno.land/x/openai@v4.24.7/mod.ts": "1b8c1cb302709f3037f4ee5d3483a540afecc9a5b895703a1af0f8e99063bdea",
    "https://deno.land/x/openai@v4.24.7/pagination.ts": "43a99777ce4e7c51ab2718d709e9f5acfbf5a21d3b17de5a53bb6a74923bf410",
    "https://deno.land/x/openai@v4.24.7/resource.ts": "ab3af12d680ecd58fad8f1ff5cd64b48314155bfbd1c4498d1cadd914f8a1316",
    "https://deno.land/x/openai@v4.24.7/resources/audio/audio.ts": "5e29281f42c8938e9ae93284fc360b4d7fa9c21cd79fe03a48e98e8b317edab0",
    "https://deno.land/x/openai@v4.24.7/resources/audio/speech.ts": "0a559eacfa16a3b69d96cd1ef8f6dad903ba28cf031f641ae2bfd4238e104352",
    "https://deno.land/x/openai@v4.24.7/resources/audio/transcriptions.ts": "3b6881e3c4ab19a0946f7bc5f91c2e64eefcf8e37fd715ab464d0dc27590df1c",
    "https://deno.land/x/openai@v4.24.7/resources/audio/translations.ts": "9785bc24a8a555e06898a029f943169934f15051862cf7e824f32defdc19d485",
    "https://deno.land/x/openai@v4.24.7/resources/beta/assistants/assistants.ts": "cb80d90375a3cd40793dd17bd832d9a19b32be922f761c7649c49fdf3daa06a0",
    "https://deno.land/x/openai@v4.24.7/resources/beta/assistants/files.ts": "a923a0ae4f8f7a2953709ba97e7849e212c62571fd6075670ee695b5ed6eb117",
    "https://deno.land/x/openai@v4.24.7/resources/beta/beta.ts": "fbcb0b5065cd8093173544282a9208e6f6b89f66b5dbe62c420cd3ad5fa6aff8",
    "https://deno.land/x/openai@v4.24.7/resources/beta/chat/chat.ts": "27c8bfae3bd25d2c7a76e61af3bb63dbf39406ee826282fb1f1502bd5b577cd3",
    "https://deno.land/x/openai@v4.24.7/resources/beta/chat/completions.ts": "e7d1937f3c60fd04381f0104f640eb69c9371a42153e0583da4638a8b5b15c6a",
    "https://deno.land/x/openai@v4.24.7/resources/beta/threads/messages/files.ts": "bd50ec629f6216944a42455ea5f9ec992885df346637f46ede3a4c71fb04246f",
    "https://deno.land/x/openai@v4.24.7/resources/beta/threads/messages/messages.ts": "34ac0d56bf22a5fe6d7853d8c921b81f35817dc76ce7875f7763101bd7449544",
    "https://deno.land/x/openai@v4.24.7/resources/beta/threads/runs/runs.ts": "67cd41f5cbbdc6b6344886219ed881498c9a2d67ee9551ba5675560afe67d0e9",
    "https://deno.land/x/openai@v4.24.7/resources/beta/threads/runs/steps.ts": "74cab30e50485eb1a14c6a4430ed4e9976115c06f09ffff009d8b0818849d7d1",
    "https://deno.land/x/openai@v4.24.7/resources/beta/threads/threads.ts": "c38ee69e89a6ca36de824fd4b6997c77ac603aa928ffb97ea3e3614a12e34ee4",
    "https://deno.land/x/openai@v4.24.7/resources/chat/chat.ts": "f620f47df83efa5d32520c894223133a3f94e0358462b7937df45f1a588e3960",
    "https://deno.land/x/openai@v4.24.7/resources/chat/completions.ts": "2462d20e698ea208a69f9f9c20344e74e3844c4ab0e0a81a90e5600aa0cc2782",
    "https://deno.land/x/openai@v4.24.7/resources/chat/mod.ts": "220d4b7ae6c7b901594371308b2f397fe1d736ae039b6e400cbdad843c791fc4",
    "https://deno.land/x/openai@v4.24.7/resources/completions.ts": "bb63eacff7372979280ec889193ad04d676a4c272a87733ddc0802a37187cef9",
    "https://deno.land/x/openai@v4.24.7/resources/embeddings.ts": "f607d76d445c6314e43a6816ab7a5e39e1ef33efdbc0ae1c1b5313e4cede9866",
    "https://deno.land/x/openai@v4.24.7/resources/files.ts": "16c77abc27196a66692b1b1b34f424b56174d77859d9d9206c8f7827ae4448be",
    "https://deno.land/x/openai@v4.24.7/resources/fine-tuning/fine-tuning.ts": "c6021ccd5d6f062e6d6178882fba60fdfe51d5f54a0fd45a62d0823b21ca3314",
    "https://deno.land/x/openai@v4.24.7/resources/fine-tuning/jobs.ts": "7b45a06f25136bbdd220ddd9b56a7a3c8fc6580f87fa98c31222337795dbaa45",
    "https://deno.land/x/openai@v4.24.7/resources/images.ts": "ac7153dd8bb7bdc93efb2ad2868a7acca5688f942936988273e23378a660a345",
    "https://deno.land/x/openai@v4.24.7/resources/mod.ts": "3442df6c2cd9cf4599e99939adc520a0e23041162a9a2322e838eb477eccf9e0",
    "https://deno.land/x/openai@v4.24.7/resources/models.ts": "83f81fc5075a6ac2cdb6515014b7e9ce0d311f698ea416e8bf305573786ea809",
    "https://deno.land/x/openai@v4.24.7/resources/moderations.ts": "393c5893692219947135fa8ae0eaeba608f8904128d91b8aa1f03de7c96c8172",
    "https://deno.land/x/openai@v4.24.7/resources/shared.ts": "919082a633e2b16e9d83fd5e9af3b26af3dc24bbadf2e20c2862226b833de414",
    "https://deno.land/x/openai@v4.24.7/streaming.ts": "f360cf909b07562330ca75470ae26eecdc35f176af424b0f74ab673a5b242782",
    "https://deno.land/x/openai@v4.24.7/uploads.ts": "77080ea73fae95aa8da4edeeb5cc7dcdd94743cd157f667114468c8233154955",
    "https://deno.land/x/openai@v4.24.7/version.ts": "819bd3cafb94ab2e9ba41d1eb8212b4126ab9da5de0abea674d9212c03e1e7e7",
    "https://deno.land/x/openai@v4.26.0/_shims/MultipartBody.ts": "fe06a56b54ae358c9cf99823096e34b36795fdba2e17513f0e9539210edd797d",
    "https://deno.land/x/openai@v4.26.0/_shims/mod.ts": "2e253cb26bfa7060bd37e45626e60e4bf3e7b3fb3e0f559fdfdeef94c73f9372",
    "https://deno.land/x/openai@v4.26.0/core.ts": "575052b2fbaf2cf1c51c9c7e20f2041f584d9e8b2a7cfe6c0ced62428140b65a",
    "https://deno.land/x/openai@v4.26.0/error.ts": "82962c51d5894159afc3351e31133eacad9405674ea03c8ccd5ce071b88d5ebf",
    "https://deno.land/x/openai@v4.26.0/lib/AbstractChatCompletionRunner.ts": "0b2442b11f59559f1e8d67b2083dd948a7e9d1b7163de968dd290255c19242ce",
    "https://deno.land/x/openai@v4.26.0/lib/ChatCompletionRunner.ts": "0d1cc40d99cd64b7d573ab95f9cb75750f24f9829da91e12573122842985a2d0",
    "https://deno.land/x/openai@v4.26.0/lib/ChatCompletionStream.ts": "1baab7ba3019704ad81a4efc9e823eb237a4895c1290112191dcda7e94514f43",
    "https://deno.land/x/openai@v4.26.0/lib/ChatCompletionStreamingRunner.ts": "9bcaae3760dd5f9b54d5d4b2ba79b8731bb3dc79214c26e5d0bbdfe809747dd2",
    "https://deno.land/x/openai@v4.26.0/lib/RunnableFunction.ts": "f45a16776de983da6b65e5748eb2c581b6ea9d3849bda0026f24659cf0be2d2c",
    "https://deno.land/x/openai@v4.26.0/lib/chatCompletionUtils.ts": "4991d3e698a54f8e4273eb0f1d73851f7ba549a0a32fabbcd739627677003cb9",
    "https://deno.land/x/openai@v4.26.0/lib/jsonschema.ts": "ed31a7861e19e505c43aa7612579b2739243ee8e8dd47ccb5f8908fa5ff3b5f0",
    "https://deno.land/x/openai@v4.26.0/mod.ts": "34092b97a8bcca28ea159d64c77cf930e4a581f9cbf8aae3e4e42d77e7b91b64",
    "https://deno.land/x/openai@v4.26.0/pagination.ts": "43a99777ce4e7c51ab2718d709e9f5acfbf5a21d3b17de5a53bb6a74923bf410",
    "https://deno.land/x/openai@v4.26.0/resource.ts": "ab3af12d680ecd58fad8f1ff5cd64b48314155bfbd1c4498d1cadd914f8a1316",
    "https://deno.land/x/openai@v4.26.0/resources/audio/audio.ts": "5e29281f42c8938e9ae93284fc360b4d7fa9c21cd79fe03a48e98e8b317edab0",
    "https://deno.land/x/openai@v4.26.0/resources/audio/speech.ts": "0a559eacfa16a3b69d96cd1ef8f6dad903ba28cf031f641ae2bfd4238e104352",
    "https://deno.land/x/openai@v4.26.0/resources/audio/transcriptions.ts": "3b6881e3c4ab19a0946f7bc5f91c2e64eefcf8e37fd715ab464d0dc27590df1c",
    "https://deno.land/x/openai@v4.26.0/resources/audio/translations.ts": "9785bc24a8a555e06898a029f943169934f15051862cf7e824f32defdc19d485",
    "https://deno.land/x/openai@v4.26.0/resources/beta/assistants/assistants.ts": "cb80d90375a3cd40793dd17bd832d9a19b32be922f761c7649c49fdf3daa06a0",
    "https://deno.land/x/openai@v4.26.0/resources/beta/assistants/files.ts": "a923a0ae4f8f7a2953709ba97e7849e212c62571fd6075670ee695b5ed6eb117",
    "https://deno.land/x/openai@v4.26.0/resources/beta/beta.ts": "fbcb0b5065cd8093173544282a9208e6f6b89f66b5dbe62c420cd3ad5fa6aff8",
    "https://deno.land/x/openai@v4.26.0/resources/beta/chat/chat.ts": "27c8bfae3bd25d2c7a76e61af3bb63dbf39406ee826282fb1f1502bd5b577cd3",
    "https://deno.land/x/openai@v4.26.0/resources/beta/chat/completions.ts": "e7d1937f3c60fd04381f0104f640eb69c9371a42153e0583da4638a8b5b15c6a",
    "https://deno.land/x/openai@v4.26.0/resources/beta/threads/messages/files.ts": "bd50ec629f6216944a42455ea5f9ec992885df346637f46ede3a4c71fb04246f",
    "https://deno.land/x/openai@v4.26.0/resources/beta/threads/messages/messages.ts": "34ac0d56bf22a5fe6d7853d8c921b81f35817dc76ce7875f7763101bd7449544",
    "https://deno.land/x/openai@v4.26.0/resources/beta/threads/runs/runs.ts": "8c25ec9e82183e780264253add9af1601b2f75df14c92d6c08622668fd4641a6",
    "https://deno.land/x/openai@v4.26.0/resources/beta/threads/runs/steps.ts": "53392a3f81817a2f9525003bb00c50c02dd238c82fd939ca1948a7edbf520f63",
    "https://deno.land/x/openai@v4.26.0/resources/beta/threads/threads.ts": "c38ee69e89a6ca36de824fd4b6997c77ac603aa928ffb97ea3e3614a12e34ee4",
    "https://deno.land/x/openai@v4.26.0/resources/chat/chat.ts": "f620f47df83efa5d32520c894223133a3f94e0358462b7937df45f1a588e3960",
    "https://deno.land/x/openai@v4.26.0/resources/chat/completions.ts": "6664e1564bd96abd830150c7b02291191a33c47ff394dff1c8dbb77bff771e5a",
    "https://deno.land/x/openai@v4.26.0/resources/chat/mod.ts": "220d4b7ae6c7b901594371308b2f397fe1d736ae039b6e400cbdad843c791fc4",
    "https://deno.land/x/openai@v4.26.0/resources/completions.ts": "bb63eacff7372979280ec889193ad04d676a4c272a87733ddc0802a37187cef9",
    "https://deno.land/x/openai@v4.26.0/resources/embeddings.ts": "7b417f1dc72d1eb9500b8e0b5ef548ec7b5024a21182ef7162535f2a1b633363",
    "https://deno.land/x/openai@v4.26.0/resources/files.ts": "16c77abc27196a66692b1b1b34f424b56174d77859d9d9206c8f7827ae4448be",
    "https://deno.land/x/openai@v4.26.0/resources/fine-tuning/fine-tuning.ts": "c6021ccd5d6f062e6d6178882fba60fdfe51d5f54a0fd45a62d0823b21ca3314",
    "https://deno.land/x/openai@v4.26.0/resources/fine-tuning/jobs.ts": "7b45a06f25136bbdd220ddd9b56a7a3c8fc6580f87fa98c31222337795dbaa45",
    "https://deno.land/x/openai@v4.26.0/resources/images.ts": "ac7153dd8bb7bdc93efb2ad2868a7acca5688f942936988273e23378a660a345",
    "https://deno.land/x/openai@v4.26.0/resources/mod.ts": "3442df6c2cd9cf4599e99939adc520a0e23041162a9a2322e838eb477eccf9e0",
    "https://deno.land/x/openai@v4.26.0/resources/models.ts": "83f81fc5075a6ac2cdb6515014b7e9ce0d311f698ea416e8bf305573786ea809",
    "https://deno.land/x/openai@v4.26.0/resources/moderations.ts": "393c5893692219947135fa8ae0eaeba608f8904128d91b8aa1f03de7c96c8172",
    "https://deno.land/x/openai@v4.26.0/resources/shared.ts": "919082a633e2b16e9d83fd5e9af3b26af3dc24bbadf2e20c2862226b833de414",
    "https://deno.land/x/openai@v4.26.0/streaming.ts": "ba58d42d102c023f326553ea16fe8de6f9d72e99b34f8bf2695740217b93a55a",
    "https://deno.land/x/openai@v4.26.0/uploads.ts": "77080ea73fae95aa8da4edeeb5cc7dcdd94743cd157f667114468c8233154955",
    "https://deno.land/x/openai@v4.26.0/version.ts": "844d3bde47f7acdb5337e6750bd3a2b71816c19390812e2d9feebcc5c4900e7e",
    "https://deno.land/x/openai@v4.40.2/_shims/MultipartBody.ts": "fe06a56b54ae358c9cf99823096e34b36795fdba2e17513f0e9539210edd797d",
    "https://deno.land/x/openai@v4.40.2/_shims/mod.ts": "2e253cb26bfa7060bd37e45626e60e4bf3e7b3fb3e0f559fdfdeef94c73f9372",
    "https://deno.land/x/openai@v4.40.2/core.ts": "9dff3286285b5240ea17051ea82dff6040b90e40aa56653b483a02ed9c11766d",
    "https://deno.land/x/openai@v4.40.2/error.ts": "a8721373ee2bb58af749b537af4adf320f73b576b9f4263072e98c4a099578ad",
    "https://deno.land/x/openai@v4.40.2/lib/AbstractAssistantStreamRunner.ts": "2e7a0a6c3dc541d8eea15f0c2c6c394a4373458707103c210a4c7d1ddb04f5b7",
    "https://deno.land/x/openai@v4.40.2/lib/AbstractChatCompletionRunner.ts": "0b2442b11f59559f1e8d67b2083dd948a7e9d1b7163de968dd290255c19242ce",
    "https://deno.land/x/openai@v4.40.2/lib/AssistantStream.ts": "9950962817d18e4f4d4b3bc656ec5583f040efa3ab510f0bde564edb6f9c7d1c",
    "https://deno.land/x/openai@v4.40.2/lib/ChatCompletionRunner.ts": "0d1cc40d99cd64b7d573ab95f9cb75750f24f9829da91e12573122842985a2d0",
    "https://deno.land/x/openai@v4.40.2/lib/ChatCompletionStream.ts": "e5721b3a8c1edb8442c4ab11db947ae2437c6fc999fc2b53d3b1f4b3c27b3549",
    "https://deno.land/x/openai@v4.40.2/lib/ChatCompletionStreamingRunner.ts": "9bcaae3760dd5f9b54d5d4b2ba79b8731bb3dc79214c26e5d0bbdfe809747dd2",
    "https://deno.land/x/openai@v4.40.2/lib/RunnableFunction.ts": "f45a16776de983da6b65e5748eb2c581b6ea9d3849bda0026f24659cf0be2d2c",
    "https://deno.land/x/openai@v4.40.2/lib/Util.ts": "aa555aecdbba8b0ae2e8a982a6797cabc0942fa0d2e99ce629d243d9032941b8",
    "https://deno.land/x/openai@v4.40.2/lib/chatCompletionUtils.ts": "4991d3e698a54f8e4273eb0f1d73851f7ba549a0a32fabbcd739627677003cb9",
    "https://deno.land/x/openai@v4.40.2/lib/jsonschema.ts": "ed31a7861e19e505c43aa7612579b2739243ee8e8dd47ccb5f8908fa5ff3b5f0",
    "https://deno.land/x/openai@v4.40.2/mod.ts": "b888261b77de03a3729946739638d568ebcfc15994a66ccc09ddd5bf999f4b63",
    "https://deno.land/x/openai@v4.40.2/pagination.ts": "02a6737ca6c987cab6effa2788327d022b9e0edc95dd98db0be986383f484e22",
    "https://deno.land/x/openai@v4.40.2/resource.ts": "c496dbda8dc6324d25fcef3d7233310935259d6aa0baf4b0d95039e4913f6380",
    "https://deno.land/x/openai@v4.40.2/resources/audio/audio.ts": "baddf217421e2c09aa67d6977d9d98bc119edb7167ae6fd3e821778d8c702f19",
    "https://deno.land/x/openai@v4.40.2/resources/audio/speech.ts": "bc653097f1bb269c7344d8ef01251f6b8d2fa6df8fcc0856a80a46b901941cef",
    "https://deno.land/x/openai@v4.40.2/resources/audio/transcriptions.ts": "46398700125fe555415cff2bc70edb71b4969f6dda2e18af4916c6c21269120f",
    "https://deno.land/x/openai@v4.40.2/resources/audio/translations.ts": "ff91c4bd465448e1adc6206bc4824ff6b6869a82b2275976f874bcce61dca24c",
    "https://deno.land/x/openai@v4.40.2/resources/batches.ts": "f04fab4487524308445d2c39178b27c28a80a1857a9a6755088f8a6cdeae2a91",
    "https://deno.land/x/openai@v4.40.2/resources/beta/assistants.ts": "0ec8f99ec27c45d03c0a3ee23460c4bbb66c7c1adc0b2c5653fb60678d2cea5c",
    "https://deno.land/x/openai@v4.40.2/resources/beta/beta.ts": "2e4c2ad66515f2ec5a1e3a2ccb6f29425b5a06bf2b8a600efb3e4303e61e516a",
    "https://deno.land/x/openai@v4.40.2/resources/beta/chat/chat.ts": "80dc8786a4b895e9fb152495496f44ac669e95fbb9c2f5a3c0bd379f408b1e1c",
    "https://deno.land/x/openai@v4.40.2/resources/beta/chat/completions.ts": "5e15cb9095f34d2a51e6e79a83dc5a53dc32e9ab99e607ba59732271612ffd19",
    "https://deno.land/x/openai@v4.40.2/resources/beta/threads/messages.ts": "35461e0b5920bd463a5657799601e26fca13c2e0b11c770054a16d4c5cc1d2e0",
    "https://deno.land/x/openai@v4.40.2/resources/beta/threads/runs/runs.ts": "2b75d37345dbde71aa11c06857aa76772d604d176798df41789c16f6e8d63d88",
    "https://deno.land/x/openai@v4.40.2/resources/beta/threads/runs/steps.ts": "5779f252e93f661bdcf391ec8ba41589fec252862b072f7517a0dc858c323595",
    "https://deno.land/x/openai@v4.40.2/resources/beta/threads/threads.ts": "7f84ae824394eb5b10256de2917b81534807b8595fcb7cb96628ca538e3d48ad",
    "https://deno.land/x/openai@v4.40.2/resources/beta/vector-stores/file-batches.ts": "7907c4ff719d0befe5aa459b03294e7764475164c1c79bde9d6252c355b1ab16",
    "https://deno.land/x/openai@v4.40.2/resources/beta/vector-stores/files.ts": "2c9181f5ce366b49d8e036cbf11390ab3c856b50f66b245d0d9ccbfc46f20b57",
    "https://deno.land/x/openai@v4.40.2/resources/beta/vector-stores/vector-stores.ts": "84eae37119d2e0ab41cdd10e8a2432ce0a5c36b62c47442e204bc5d2344e21df",
    "https://deno.land/x/openai@v4.40.2/resources/chat/chat.ts": "0b5f60fb71c4b21ef254a35786d28b6c378b181a07d82a60a6d5f9ca4d1b296f",
    "https://deno.land/x/openai@v4.40.2/resources/chat/completions.ts": "8f53e7ccdddeb0251267b0f38ae45ab7a9da2b8f2c9851f9d0803cafb0e6fd11",
    "https://deno.land/x/openai@v4.40.2/resources/chat/mod.ts": "4028276f1a81b40507d6d781cb3a9305e5ccdd46608c4d9e39c029a0bcd46eca",
    "https://deno.land/x/openai@v4.40.2/resources/completions.ts": "0c763bbae83d817427baa30fbfb4026d16e7df67db5ded6ae5da1587979c64dd",
    "https://deno.land/x/openai@v4.40.2/resources/embeddings.ts": "4009ae23c3d376826a080553feed55e32e3be959ba4543b9377aaa2537ef78d4",
    "https://deno.land/x/openai@v4.40.2/resources/files.ts": "3330823ad474aa036834fb65b53cd2ff32193278a2409a7f36a661906dc01ed6",
    "https://deno.land/x/openai@v4.40.2/resources/fine-tuning/fine-tuning.ts": "5cb89d96fc6d914ae2d68257a4d08a1f12c140c12b7892a14393177ca9c4ca2b",
    "https://deno.land/x/openai@v4.40.2/resources/fine-tuning/jobs/checkpoints.ts": "0b225258a1e92a81c992721bf4259ec4eccd6225562cf576432e97ee838ccc67",
    "https://deno.land/x/openai@v4.40.2/resources/fine-tuning/jobs/jobs.ts": "3ba2d5902781ba139790959a7f8d81ecfcb360ed84f7d515ec3b1da47ddb2e0c",
    "https://deno.land/x/openai@v4.40.2/resources/images.ts": "412919440b470e346df93bae418506f4da5202b38bd15b415140d105cb29b19d",
    "https://deno.land/x/openai@v4.40.2/resources/mod.ts": "8f81e21bf165952f01e2ac9a6a05d1e1c3e820611f61ee62148cb878b2f92131",
    "https://deno.land/x/openai@v4.40.2/resources/models.ts": "1ed29e3f7126c2574ba5567646a66495916d52dc754c3b3c435cd9329997ab2b",
    "https://deno.land/x/openai@v4.40.2/resources/moderations.ts": "fbda1ed24bcbed6627b611c58964b706e88aac848b5efbec0cc1c45320d53236",
    "https://deno.land/x/openai@v4.40.2/resources/shared.ts": "9bebeb0cc046505283141127639d83565cb36c981d7650ef00b832f497196298",
    "https://deno.land/x/openai@v4.40.2/streaming.ts": "04f85a25d5143758473521223e58003a59cc617fa57755e5a62ba96741cb50ef",
    "https://deno.land/x/openai@v4.40.2/uploads.ts": "33857c766326193dd038ca77382f3b361ef92038a938de312f3f95aa77531a46",
    "https://deno.land/x/openai@v4.40.2/version.ts": "bb21ac48562ccc1614ff699889000e85e53371a1390a5ddd82844e1f4b4a5462",
    "https://deno.land/x/zod@v3.22.4/ZodError.ts": "4de18ff525e75a0315f2c12066b77b5c2ae18c7c15ef7df7e165d63536fdf2ea",
    "https://deno.land/x/zod@v3.22.4/errors.ts": "5285922d2be9700cc0c70c95e4858952b07ae193aa0224be3cbd5cd5567eabef",
    "https://deno.land/x/zod@v3.22.4/external.ts": "a6cfbd61e9e097d5f42f8a7ed6f92f93f51ff927d29c9fbaec04f03cbce130fe",
    "https://deno.land/x/zod@v3.22.4/helpers/enumUtil.ts": "54efc393cc9860e687d8b81ff52e980def00fa67377ad0bf8b3104f8a5bf698c",
    "https://deno.land/x/zod@v3.22.4/helpers/errorUtil.ts": "7a77328240be7b847af6de9189963bd9f79cab32bbc61502a9db4fe6683e2ea7",
    "https://deno.land/x/zod@v3.22.4/helpers/parseUtil.ts": "f791e6e65a0340d85ad37d26cd7a3ba67126cd9957eac2b7163162155283abb1",
    "https://deno.land/x/zod@v3.22.4/helpers/partialUtil.ts": "998c2fe79795257d4d1cf10361e74492f3b7d852f61057c7c08ac0a46488b7e7",
    "https://deno.land/x/zod@v3.22.4/helpers/typeAliases.ts": "0fda31a063c6736fc3cf9090dd94865c811dfff4f3cb8707b932bf937c6f2c3e",
    "https://deno.land/x/zod@v3.22.4/helpers/util.ts": "8baf19b19b2fca8424380367b90364b32503b6b71780269a6e3e67700bb02774",
    "https://deno.land/x/zod@v3.22.4/index.ts": "d27aabd973613985574bc31f39e45cb5d856aa122ef094a9f38a463b8ef1a268",
    "https://deno.land/x/zod@v3.22.4/locales/en.ts": "a7a25cd23563ccb5e0eed214d9b31846305ddbcdb9c5c8f508b108943366ab4c",
    "https://deno.land/x/zod@v3.22.4/mod.ts": "64e55237cb4410e17d968cd08975566059f27638ebb0b86048031b987ba251c4",
    "https://deno.land/x/zod@v3.22.4/types.ts": "724185522fafe43ee56a52333958764c8c8cd6ad4effa27b42651df873fc151e",
    "https://deno.land/x/zod@v3.23.6/ZodError.ts": "528da200fbe995157b9ae91498b103c4ef482217a5c086249507ac850bd78f52",
    "https://deno.land/x/zod@v3.23.6/errors.ts": "5285922d2be9700cc0c70c95e4858952b07ae193aa0224be3cbd5cd5567eabef",
    "https://deno.land/x/zod@v3.23.6/external.ts": "a6cfbd61e9e097d5f42f8a7ed6f92f93f51ff927d29c9fbaec04f03cbce130fe",
    "https://deno.land/x/zod@v3.23.6/helpers/enumUtil.ts": "54efc393cc9860e687d8b81ff52e980def00fa67377ad0bf8b3104f8a5bf698c",
    "https://deno.land/x/zod@v3.23.6/helpers/errorUtil.ts": "7a77328240be7b847af6de9189963bd9f79cab32bbc61502a9db4fe6683e2ea7",
    "https://deno.land/x/zod@v3.23.6/helpers/parseUtil.ts": "c14814d167cc286972b6e094df88d7d982572a08424b7cd50f862036b6fcaa77",
    "https://deno.land/x/zod@v3.23.6/helpers/partialUtil.ts": "998c2fe79795257d4d1cf10361e74492f3b7d852f61057c7c08ac0a46488b7e7",
    "https://deno.land/x/zod@v3.23.6/helpers/typeAliases.ts": "0fda31a063c6736fc3cf9090dd94865c811dfff4f3cb8707b932bf937c6f2c3e",
    "https://deno.land/x/zod@v3.23.6/helpers/util.ts": "3301a69867c9e589ac5b3bc4d7a518b5212858cd6a25e8b02d635c9c32ba331c",
    "https://deno.land/x/zod@v3.23.6/index.ts": "d27aabd973613985574bc31f39e45cb5d856aa122ef094a9f38a463b8ef1a268",
    "https://deno.land/x/zod@v3.23.6/locales/en.ts": "a7a25cd23563ccb5e0eed214d9b31846305ddbcdb9c5c8f508b108943366ab4c",
    "https://deno.land/x/zod@v3.23.6/mod.ts": "ec6e2b1255c1a350b80188f97bd0a6bac45801bb46fc48f50b9763aa66046039",
    "https://deno.land/x/zod@v3.23.6/types.ts": "0fe4cd503323c43253d14ae75612358d0ca50dadaf255732defedc6ae2f1b1af"
  }
}
